{
    "_meta": {
        "hash": {
            "sha256": "1b88ab5568bdc2330786a52667e40266e02785b14a0e5b44866dae9ea7eba955"
        },
        "pipfile-spec": 6,
        "requires": {
            "python_version": "3.7"
        },
        "sources": [
            {
                "name": "pypi",
                "url": "https://pypi.python.org/simple",
                "verify_ssl": true
            }
        ]
    },
    "default": {
        "bson": {
            "hashes": [
                "sha256:84a06dd1fa350d5814d9845abad982e8ac4c9768c4f41afeaa5fdb6d58570158"
            ],
            "index": "pypi",
            "version": "==0.5.9"
        },
        "mysql": {
            "hashes": [
                "sha256:55e66b5e7b3823b1da5fb2a063e95a628fb850b2a0b76bdcd884faac5d2daa7d"
            ],
            "index": "pypi",
            "version": "==0.0.2"
        },
        "mysqlclient": {
            "hashes": [
                "sha256:4c82187dd6ab3607150fbb1fa5ef4643118f3da122b8ba31c3149ddd9cf0cb39",
                "sha256:9e6080a7aee4cc6a06b58b59239f20f1d259c1d2fddf68ddeed242d2311c7087",
                "sha256:f3fdaa9a38752a3b214a6fe79d7cae3653731a53e577821f9187e67cbecb2e16",
                "sha256:f646f8d17d02be0872291f258cce3813497bc7888cd4712a577fd1e719b2f213"
            ],
            "version": "==1.4.6"
        },
        "pyside2": {
            "hashes": [
                "sha256:307e58c1f327c9215d276fc7d312b3c537c72446af06230b4f130c2cc6980735",
                "sha256:692fc35171ef3b58226f5ba7bc75a00b641709f94e39b98ce22f3705d478372b",
                "sha256:80efed294ad4f7a5fa2c7d2707ce25d5afb60269825dce21034937056edb1754",
                "sha256:a7c5c94f925186f7cee5755477662cac40f59a27c2f9d6163c5ab4f89b1fa56a",
                "sha256:d2ada2f2236a7f1393a4e6657c4421cd99411cb99739d80dd1522e861ac1308a",
                "sha256:dc43c593800ba67d8081eb26deef83c893dd7b52680bfd5193e76e3efaf4f186"
            ],
            "index": "pypi",
            "version": "==5.14.2"
        },
        "python-dateutil": {
            "hashes": [
                "sha256:73ebfe9dbf22e832286dafa60473e4cd239f8592f699aa5adaf10050e6e1823c",
                "sha256:75bb3f31ea686f1197762692a9ee6a7550b59fc6ca3a1f4b5d7e32fb98e2da2a"
            ],
            "version": "==2.8.1"
        },
        "shiboken2": {
            "hashes": [
                "sha256:1ab673cab00ac787f055f5859c6ad1e03e294c3a12247545f3b516860363b076",
                "sha256:32fa77f9464b1fa055f2d8c1511e624dbd39a8ad13053acc08c330d5631a7788",
                "sha256:4a1be8396c748b850d2b0bddc9ef3d277873d14503c83efbc34be7148c3c92fc",
                "sha256:6eda654156bdcabf14dd366f7da5ab2ffcf4d3099eb437f9a22742fd3f828f6a",
                "sha256:77b9bac57f7524c21a0711466dea43d4b45543f7d4ec1fc54acff9349d8296e3",
                "sha256:e887fccaa60dbf2b6f9ce46c32fb0d36434796ef3468d742e0bdad9cfc5b0c02"
            ],
            "version": "==5.14.2"
        },
        "six": {
            "hashes": [
                "sha256:236bdbdce46e6e6a3d61a337c0f8b763ca1e8717c03b369e87a7ec7ce1319c0a",
                "sha256:8f3cd2e254d8f793e7f3d6d9df77b92252b52637291d0f0da013c76ea2724b6c"
            ],
            "version": "==1.14.0"
        },
        "yapf": {
            "hashes": [
                "sha256:712e23c468506bf12cadd10169f852572ecc61b266258422d45aaf4ad7ef43de",
                "sha256:cad8a272c6001b3401de3278238fdc54997b6c2e56baa751788915f879a52fca"
            ],
            "index": "pypi",
            "version": "==0.29.0"
        }
    },
    "develop": {}
}
